// !$*UTF8*$!
{
	archiveVersion = 1;
	classes = {
	};
	objectVersion = 56;
	objects = {

/* Begin PBXBuildFile section */
		4C2B75D72B3ED804004D060C /* AppDelegate.swift in Sources */ = {isa = PBXBuildFile; fileRef = 4C2B75D62B3ED804004D060C /* AppDelegate.swift */; };
		4C2B75D92B3ED804004D060C /* GameViewController.swift in Sources */ = {isa = PBXBuildFile; fileRef = 4C2B75D82B3ED804004D060C /* GameViewController.swift */; };
		4C2B75DC2B3ED804004D060C /* Main.storyboard in Resources */ = {isa = PBXBuildFile; fileRef = 4C2B75DA2B3ED804004D060C /* Main.storyboard */; };
		4C2B75DF2B3ED804004D060C /* LaunchScreen.storyboard in Resources */ = {isa = PBXBuildFile; fileRef = 4C2B75DD2B3ED804004D060C /* LaunchScreen.storyboard */; };
		4C2B75E72B3ED804004D060C /* AppDelegate.swift in Sources */ = {isa = PBXBuildFile; fileRef = 4C2B75E62B3ED804004D060C /* AppDelegate.swift */; };
		4C2B75E92B3ED804004D060C /* GameViewController.swift in Sources */ = {isa = PBXBuildFile; fileRef = 4C2B75E82B3ED804004D060C /* GameViewController.swift */; };
		4C2B75EC2B3ED804004D060C /* Main.storyboard in Resources */ = {isa = PBXBuildFile; fileRef = 4C2B75EA2B3ED804004D060C /* Main.storyboard */; };
		4C2B75EF2B3ED804004D060C /* LaunchScreen.storyboard in Resources */ = {isa = PBXBuildFile; fileRef = 4C2B75ED2B3ED804004D060C /* LaunchScreen.storyboard */; };
		4C2B75F72B3ED804004D060C /* AppDelegate.swift in Sources */ = {isa = PBXBuildFile; fileRef = 4C2B75F62B3ED804004D060C /* AppDelegate.swift */; };
		4C2B75F92B3ED804004D060C /* GameViewController.swift in Sources */ = {isa = PBXBuildFile; fileRef = 4C2B75F82B3ED804004D060C /* GameViewController.swift */; };
		4C2B75FC2B3ED804004D060C /* Main.storyboard in Resources */ = {isa = PBXBuildFile; fileRef = 4C2B75FA2B3ED804004D060C /* Main.storyboard */; };
		4C2B75FE2B3ED804004D060C /* Actions.sks in Resources */ = {isa = PBXBuildFile; fileRef = 4C2B75CB2B3ED801004D060C /* Actions.sks */; };
		4C2B75FF2B3ED804004D060C /* Actions.sks in Resources */ = {isa = PBXBuildFile; fileRef = 4C2B75CB2B3ED801004D060C /* Actions.sks */; };
		4C2B76002B3ED804004D060C /* Actions.sks in Resources */ = {isa = PBXBuildFile; fileRef = 4C2B75CB2B3ED801004D060C /* Actions.sks */; };
		4C2B76012B3ED804004D060C /* GameScene.sks in Resources */ = {isa = PBXBuildFile; fileRef = 4C2B75CC2B3ED801004D060C /* GameScene.sks */; };
		4C2B76022B3ED804004D060C /* GameScene.sks in Resources */ = {isa = PBXBuildFile; fileRef = 4C2B75CC2B3ED801004D060C /* GameScene.sks */; };
		4C2B76032B3ED804004D060C /* GameScene.sks in Resources */ = {isa = PBXBuildFile; fileRef = 4C2B75CC2B3ED801004D060C /* GameScene.sks */; };
		4C2B76042B3ED804004D060C /* GameScene.swift in Sources */ = {isa = PBXBuildFile; fileRef = 4C2B75CD2B3ED801004D060C /* GameScene.swift */; };
		4C2B76052B3ED804004D060C /* GameScene.swift in Sources */ = {isa = PBXBuildFile; fileRef = 4C2B75CD2B3ED801004D060C /* GameScene.swift */; };
		4C2B76062B3ED804004D060C /* GameScene.swift in Sources */ = {isa = PBXBuildFile; fileRef = 4C2B75CD2B3ED801004D060C /* GameScene.swift */; };
		4C2B76072B3ED804004D060C /* Assets.xcassets in Resources */ = {isa = PBXBuildFile; fileRef = 4C2B75CE2B3ED804004D060C /* Assets.xcassets */; };
		4C2B76082B3ED804004D060C /* Assets.xcassets in Resources */ = {isa = PBXBuildFile; fileRef = 4C2B75CE2B3ED804004D060C /* Assets.xcassets */; };
		4C2B76092B3ED804004D060C /* Assets.xcassets in Resources */ = {isa = PBXBuildFile; fileRef = 4C2B75CE2B3ED804004D060C /* Assets.xcassets */; };
/* End PBXBuildFile section */

/* Begin PBXFileReference section */
		4C2B75CB2B3ED801004D060C /* Actions.sks */ = {isa = PBXFileReference; lastKnownFileType = file.sks; path = Actions.sks; sourceTree = "<group>"; };
		4C2B75CC2B3ED801004D060C /* GameScene.sks */ = {isa = PBXFileReference; lastKnownFileType = file.sks; path = GameScene.sks; sourceTree = "<group>"; };
		4C2B75CD2B3ED801004D060C /* GameScene.swift */ = {isa = PBXFileReference; lastKnownFileType = sourcecode.swift; path = GameScene.swift; sourceTree = "<group>"; };
		4C2B75CE2B3ED804004D060C /* Assets.xcassets */ = {isa = PBXFileReference; lastKnownFileType = folder.assetcatalog; path = Assets.xcassets; sourceTree = "<group>"; };
		4C2B75D32B3ED804004D060C /* game1.app */ = {isa = PBXFileReference; explicitFileType = wrapper.application; includeInIndex = 0; path = game1.app; sourceTree = BUILT_PRODUCTS_DIR; };
		4C2B75D62B3ED804004D060C /* AppDelegate.swift */ = {isa = PBXFileReference; lastKnownFileType = sourcecode.swift; path = AppDelegate.swift; sourceTree = "<group>"; };
		4C2B75D82B3ED804004D060C /* GameViewController.swift */ = {isa = PBXFileReference; lastKnownFileType = sourcecode.swift; path = GameViewController.swift; sourceTree = "<group>"; };
		4C2B75DB2B3ED804004D060C /* Base */ = {isa = PBXFileReference; lastKnownFileType = file.storyboard; name = Base; path = Base.lproj/Main.storyboard; sourceTree = "<group>"; };
		4C2B75DE2B3ED804004D060C /* Base */ = {isa = PBXFileReference; lastKnownFileType = file.storyboard; name = Base; path = Base.lproj/LaunchScreen.storyboard; sourceTree = "<group>"; };
		4C2B75E42B3ED804004D060C /* game1.app */ = {isa = PBXFileReference; explicitFileType = wrapper.application; includeInIndex = 0; path = game1.app; sourceTree = BUILT_PRODUCTS_DIR; };
		4C2B75E62B3ED804004D060C /* AppDelegate.swift */ = {isa = PBXFileReference; lastKnownFileType = sourcecode.swift; path = AppDelegate.swift; sourceTree = "<group>"; };
		4C2B75E82B3ED804004D060C /* GameViewController.swift */ = {isa = PBXFileReference; lastKnownFileType = sourcecode.swift; path = GameViewController.swift; sourceTree = "<group>"; };
		4C2B75EB2B3ED804004D060C /* Base */ = {isa = PBXFileReference; lastKnownFileType = file.storyboard; name = Base; path = Base.lproj/Main.storyboard; sourceTree = "<group>"; };
		4C2B75EE2B3ED804004D060C /* Base */ = {isa = PBXFileReference; lastKnownFileType = file.storyboard; name = Base; path = Base.lproj/LaunchScreen.storyboard; sourceTree = "<group>"; };
		4C2B75F42B3ED804004D060C /* game1.app */ = {isa = PBXFileReference; explicitFileType = wrapper.application; includeInIndex = 0; path = game1.app; sourceTree = BUILT_PRODUCTS_DIR; };
		4C2B75F62B3ED804004D060C /* AppDelegate.swift */ = {isa = PBXFileReference; lastKnownFileType = sourcecode.swift; path = AppDelegate.swift; sourceTree = "<group>"; };
		4C2B75F82B3ED804004D060C /* GameViewController.swift */ = {isa = PBXFileReference; lastKnownFileType = sourcecode.swift; path = GameViewController.swift; sourceTree = "<group>"; };
		4C2B75FB2B3ED804004D060C /* Base */ = {isa = PBXFileReference; lastKnownFileType = file.storyboard; name = Base; path = Base.lproj/Main.storyboard; sourceTree = "<group>"; };
		4C2B75FD2B3ED804004D060C /* game1_macOS.entitlements */ = {isa = PBXFileReference; lastKnownFileType = text.plist.entitlements; path = game1_macOS.entitlements; sourceTree = "<group>"; };
/* End PBXFileReference section */

/* Begin PBXFrameworksBuildPhase section */
		4C2B75D02B3ED804004D060C /* Frameworks */ = {
			isa = PBXFrameworksBuildPhase;
			buildActionMask = 2147483647;
			files = (
			);
			runOnlyForDeploymentPostprocessing = 0;
		};
		4C2B75E12B3ED804004D060C /* Frameworks */ = {
			isa = PBXFrameworksBuildPhase;
			buildActionMask = 2147483647;
			files = (
			);
			runOnlyForDeploymentPostprocessing = 0;
		};
		4C2B75F12B3ED804004D060C /* Frameworks */ = {
			isa = PBXFrameworksBuildPhase;
			buildActionMask = 2147483647;
			files = (
			);
			runOnlyForDeploymentPostprocessing = 0;
		};
/* End PBXFrameworksBuildPhase section */

/* Begin PBXGroup section */
		4C2B75C52B3ED800004D060C = {
			isa = PBXGroup;
			children = (
				4C2B75CA2B3ED801004D060C /* game1 Shared */,
				4C2B75D52B3ED804004D060C /* game1 iOS */,
				4C2B75E52B3ED804004D060C /* game1 tvOS */,
				4C2B75F52B3ED804004D060C /* game1 macOS */,
				4C2B75D42B3ED804004D060C /* Products */,
			);
			sourceTree = "<group>";
		};
		4C2B75CA2B3ED801004D060C /* game1 Shared */ = {
			isa = PBXGroup;
			children = (
				4C2B75CB2B3ED801004D060C /* Actions.sks */,
				4C2B75CC2B3ED801004D060C /* GameScene.sks */,
				4C2B75CD2B3ED801004D060C /* GameScene.swift */,
				4C2B75CE2B3ED804004D060C /* Assets.xcassets */,
			);
			path = "game1 Shared";
			sourceTree = "<group>";
		};
		4C2B75D42B3ED804004D060C /* Products */ = {
			isa = PBXGroup;
			children = (
				4C2B75D32B3ED804004D060C /* game1.app */,
				4C2B75E42B3ED804004D060C /* game1.app */,
				4C2B75F42B3ED804004D060C /* game1.app */,
			);
			name = Products;
			sourceTree = "<group>";
		};
		4C2B75D52B3ED804004D060C /* game1 iOS */ = {
			isa = PBXGroup;
			children = (
				4C2B75D62B3ED804004D060C /* AppDelegate.swift */,
				4C2B75D82B3ED804004D060C /* GameViewController.swift */,
				4C2B75DA2B3ED804004D060C /* Main.storyboard */,
				4C2B75DD2B3ED804004D060C /* LaunchScreen.storyboard */,
			);
			path = "game1 iOS";
			sourceTree = "<group>";
		};
		4C2B75E52B3ED804004D060C /* game1 tvOS */ = {
			isa = PBXGroup;
			children = (
				4C2B75E62B3ED804004D060C /* AppDelegate.swift */,
				4C2B75E82B3ED804004D060C /* GameViewController.swift */,
				4C2B75EA2B3ED804004D060C /* Main.storyboard */,
				4C2B75ED2B3ED804004D060C /* LaunchScreen.storyboard */,
			);
			path = "game1 tvOS";
			sourceTree = "<group>";
		};
		4C2B75F52B3ED804004D060C /* game1 macOS */ = {
			isa = PBXGroup;
			children = (
				4C2B75F62B3ED804004D060C /* AppDelegate.swift */,
				4C2B75F82B3ED804004D060C /* GameViewController.swift */,
				4C2B75FA2B3ED804004D060C /* Main.storyboard */,
				4C2B75FD2B3ED804004D060C /* game1_macOS.entitlements */,
			);
			path = "game1 macOS";
			sourceTree = "<group>";
		};
/* End PBXGroup section */

/* Begin PBXNativeTarget section */
		4C2B75D22B3ED804004D060C /* game1 iOS */ = {
			isa = PBXNativeTarget;
			buildConfigurationList = 4C2B760C2B3ED804004D060C /* Build configuration list for PBXNativeTarget "game1 iOS" */;
			buildPhases = (
				4C2B75CF2B3ED804004D060C /* Sources */,
				4C2B75D02B3ED804004D060C /* Frameworks */,
				4C2B75D12B3ED804004D060C /* Resources */,
			);
			buildRules = (
			);
			dependencies = (
			);
			name = "game1 iOS";
			productName = "game1 iOS";
			productReference = 4C2B75D32B3ED804004D060C /* game1.app */;
			productType = "com.apple.product-type.application";
		};
		4C2B75E32B3ED804004D060C /* game1 tvOS */ = {
			isa = PBXNativeTarget;
			buildConfigurationList = 4C2B760F2B3ED804004D060C /* Build configuration list for PBXNativeTarget "game1 tvOS" */;
			buildPhases = (
				4C2B75E02B3ED804004D060C /* Sources */,
				4C2B75E12B3ED804004D060C /* Frameworks */,
				4C2B75E22B3ED804004D060C /* Resources */,
			);
			buildRules = (
			);
			dependencies = (
			);
			name = "game1 tvOS";
			productName = "game1 tvOS";
			productReference = 4C2B75E42B3ED804004D060C /* game1.app */;
			productType = "com.apple.product-type.application";
		};
		4C2B75F32B3ED804004D060C /* game1 macOS */ = {
			isa = PBXNativeTarget;
			buildConfigurationList = 4C2B76122B3ED804004D060C /* Build configuration list for PBXNativeTarget "game1 macOS" */;
			buildPhases = (
				4C2B75F02B3ED804004D060C /* Sources */,
				4C2B75F12B3ED804004D060C /* Frameworks */,
				4C2B75F22B3ED804004D060C /* Resources */,
			);
			buildRules = (
			);
			dependencies = (
			);
			name = "game1 macOS";
			productName = "game1 macOS";
			productReference = 4C2B75F42B3ED804004D060C /* game1.app */;
			productType = "com.apple.product-type.application";
		};
/* End PBXNativeTarget section */

/* Begin PBXProject section */
		4C2B75C62B3ED800004D060C /* Project object */ = {
			isa = PBXProject;
			attributes = {
				BuildIndependentTargetsInParallel = 1;
				LastSwiftUpdateCheck = 1510;
				LastUpgradeCheck = 1510;
				TargetAttributes = {
					4C2B75D22B3ED804004D060C = {
						CreatedOnToolsVersion = 15.1;
					};
					4C2B75E32B3ED804004D060C = {
						CreatedOnToolsVersion = 15.1;
					};
					4C2B75F32B3ED804004D060C = {
						CreatedOnToolsVersion = 15.1;
					};
				};
			};
			buildConfigurationList = 4C2B75C92B3ED800004D060C /* Build configuration list for PBXProject "game1" */;
			compatibilityVersion = "Xcode 14.0";
			developmentRegion = en;
			hasScannedForEncodings = 0;
			knownRegions = (
				en,
				Base,
			);
			mainGroup = 4C2B75C52B3ED800004D060C;
			productRefGroup = 4C2B75D42B3ED804004D060C /* Products */;
			projectDirPath = "";
			projectRoot = "";
			targets = (
				4C2B75D22B3ED804004D060C /* game1 iOS */,
				4C2B75E32B3ED804004D060C /* game1 tvOS */,
				4C2B75F32B3ED804004D060C /* game1 macOS */,
			);
		};
/* End PBXProject section */

/* Begin PBXResourcesBuildPhase section */
		4C2B75D12B3ED804004D060C /* Resources */ = {
			isa = PBXResourcesBuildPhase;
			buildActionMask = 2147483647;
			files = (
				4C2B76012B3ED804004D060C /* GameScene.sks in Resources */,
				4C2B75DC2B3ED804004D060C /* Main.storyboard in Resources */,
				4C2B75FE2B3ED804004D060C /* Actions.sks in Resources */,
				4C2B75DF2B3ED804004D060C /* LaunchScreen.storyboard in Resources */,
				4C2B76072B3ED804004D060C /* Assets.xcassets in Resources */,
			);
			runOnlyForDeploymentPostprocessing = 0;
		};
		4C2B75E22B3ED804004D060C /* Resources */ = {
			isa = PBXResourcesBuildPhase;
			buildActionMask = 2147483647;
			files = (
				4C2B76022B3ED804004D060C /* GameScene.sks in Resources */,
				4C2B75EC2B3ED804004D060C /* Main.storyboard in Resources */,
				4C2B75FF2B3ED804004D060C /* Actions.sks in Resources */,
				4C2B75EF2B3ED804004D060C /* LaunchScreen.storyboard in Resources */,
				4C2B76082B3ED804004D060C /* Assets.xcassets in Resources */,
			);
			runOnlyForDeploymentPostprocessing = 0;
		};
		4C2B75F22B3ED804004D060C /* Resources */ = {
			isa = PBXResourcesBuildPhase;
			buildActionMask = 2147483647;
			files = (
				4C2B75FC2B3ED804004D060C /* Main.storyboard in Resources */,
				4C2B76032B3ED804004D060C /* GameScene.sks in Resources */,
				4C2B76092B3ED804004D060C /* Assets.xcassets in Resources */,
				4C2B76002B3ED804004D060C /* Actions.sks in Resources */,
			);
			runOnlyForDeploymentPostprocessing = 0;
		};
/* End PBXResourcesBuildPhase section */

/* Begin PBXSourcesBuildPhase section */
		4C2B75CF2B3ED804004D060C /* Sources */ = {
			isa = PBXSourcesBuildPhase;
			buildActionMask = 2147483647;
			files = (
				4C2B76042B3ED804004D060C /* GameScene.swift in Sources */,
				4C2B75D92B3ED804004D060C /* GameViewController.swift in Sources */,
				4C2B75D72B3ED804004D060C /* AppDelegate.swift in Sources */,
			);
			runOnlyForDeploymentPostprocessing = 0;
		};
		4C2B75E02B3ED804004D060C /* Sources */ = {
			isa = PBXSourcesBuildPhase;
			buildActionMask = 2147483647;
			files = (
				4C2B76052B3ED804004D060C /* GameScene.swift in Sources */,
				4C2B75E92B3ED804004D060C /* GameViewController.swift in Sources */,
				4C2B75E72B3ED804004D060C /* AppDelegate.swift in Sources */,
			);
			runOnlyForDeploymentPostprocessing = 0;
		};
		4C2B75F02B3ED804004D060C /* Sources */ = {
			isa = PBXSourcesBuildPhase;
			buildActionMask = 2147483647;
			files = (
				4C2B76062B3ED804004D060C /* GameScene.swift in Sources */,
				4C2B75F92B3ED804004D060C /* GameViewController.swift in Sources */,
				4C2B75F72B3ED804004D060C /* AppDelegate.swift in Sources */,
			);
			runOnlyForDeploymentPostprocessing = 0;
		};
/* End PBXSourcesBuildPhase section */

/* Begin PBXVariantGroup section */
		4C2B75DA2B3ED804004D060C /* Main.storyboard */ = {
			isa = PBXVariantGroup;
			children = (
				4C2B75DB2B3ED804004D060C /* Base */,
			);
			name = Main.storyboard;
			sourceTree = "<group>";
		};
		4C2B75DD2B3ED804004D060C /* LaunchScreen.storyboard */ = {
			isa = PBXVariantGroup;
			children = (
				4C2B75DE2B3ED804004D060C /* Base */,
			);
			name = LaunchScreen.storyboard;
			sourceTree = "<group>";
		};
		4C2B75EA2B3ED804004D060C /* Main.storyboard */ = {
			isa = PBXVariantGroup;
			children = (
				4C2B75EB2B3ED804004D060C /* Base */,
			);
			name = Main.storyboard;
			sourceTree = "<group>";
		};
		4C2B75ED2B3ED804004D060C /* LaunchScreen.storyboard */ = {
			isa = PBXVariantGroup;
			children = (
				4C2B75EE2B3ED804004D060C /* Base */,
			);
			name = LaunchScreen.storyboard;
			sourceTree = "<group>";
		};
		4C2B75FA2B3ED804004D060C /* Main.storyboard */ = {
			isa = PBXVariantGroup;
			children = (
				4C2B75FB2B3ED804004D060C /* Base */,
			);
			name = Main.storyboard;
			sourceTree = "<group>";
		};
/* End PBXVariantGroup section */

/* Begin XCBuildConfiguration section */
		4C2B760A2B3ED804004D060C /* Debug */ = {
			isa = XCBuildConfiguration;
			buildSettings = {
				ALWAYS_SEARCH_USER_PATHS = NO;
				ASSETCATALOG_COMPILER_GENERATE_SWIFT_ASSET_SYMBOL_EXTENSIONS = YES;
				CLANG_ANALYZER_NONNULL = YES;
				CLANG_ANALYZER_NUMBER_OBJECT_CONVERSION = YES_AGGRESSIVE;
				CLANG_CXX_LANGUAGE_STANDARD = "gnu++20";
				CLANG_ENABLE_MODULES = YES;
				CLANG_ENABLE_OBJC_ARC = YES;
				CLANG_ENABLE_OBJC_WEAK = YES;
				CLANG_WARN_BLOCK_CAPTURE_AUTORELEASING = YES;
				CLANG_WARN_BOOL_CONVERSION = YES;
				CLANG_WARN_COMMA = YES;
				CLANG_WARN_CONSTANT_CONVERSION = YES;
				CLANG_WARN_DEPRECATED_OBJC_IMPLEMENTATIONS = YES;
				CLANG_WARN_DIRECT_OBJC_ISA_USAGE = YES_ERROR;
				CLANG_WARN_DOCUMENTATION_COMMENTS = YES;
				CLANG_WARN_EMPTY_BODY = YES;
				CLANG_WARN_ENUM_CONVERSION = YES;
				CLANG_WARN_INFINITE_RECURSION = YES;
				CLANG_WARN_INT_CONVERSION = YES;
				CLANG_WARN_NON_LITERAL_NULL_CONVERSION = YES;
				CLANG_WARN_OBJC_IMPLICIT_RETAIN_SELF = YES;
				CLANG_WARN_OBJC_LITERAL_CONVERSION = YES;
				CLANG_WARN_OBJC_ROOT_CLASS = YES_ERROR;
				CLANG_WARN_QUOTED_INCLUDE_IN_FRAMEWORK_HEADER = YES;
				CLANG_WARN_RANGE_LOOP_ANALYSIS = YES;
				CLANG_WARN_STRICT_PROTOTYPES = YES;
				CLANG_WARN_SUSPICIOUS_MOVE = YES;
				CLANG_WARN_UNGUARDED_AVAILABILITY = YES_AGGRESSIVE;
				CLANG_WARN_UNREACHABLE_CODE = YES;
				CLANG_WARN__DUPLICATE_METHOD_MATCH = YES;
				COPY_PHASE_STRIP = NO;
				DEBUG_INFORMATION_FORMAT = dwarf;
				ENABLE_STRICT_OBJC_MSGSEND = YES;
				ENABLE_TESTABILITY = YES;
				ENABLE_USER_SCRIPT_SANDBOXING = YES;
				GCC_C_LANGUAGE_STANDARD = gnu17;
				GCC_DYNAMIC_NO_PIC = NO;
				GCC_NO_COMMON_BLOCKS = YES;
				GCC_OPTIMIZATION_LEVEL = 0;
				GCC_PREPROCESSOR_DEFINITIONS = (
					"DEBUG=1",
					"$(inherited)",
				);
				GCC_WARN_64_TO_32_BIT_CONVERSION = YES;
				GCC_WARN_ABOUT_RETURN_TYPE = YES_ERROR;
				GCC_WARN_UNDECLARED_SELECTOR = YES;
				GCC_WARN_UNINITIALIZED_AUTOS = YES_AGGRESSIVE;
				GCC_WARN_UNUSED_FUNCTION = YES;
				GCC_WARN_UNUSED_VARIABLE = YES;
				LOCALIZATION_PREFERS_STRING_CATALOGS = YES;
				MTL_ENABLE_DEBUG_INFO = INCLUDE_SOURCE;
				MTL_FAST_MATH = YES;
				ONLY_ACTIVE_ARCH = YES;
				SWIFT_ACTIVE_COMPILATION_CONDITIONS = "DEBUG $(inherited)";
				SWIFT_OPTIMIZATION_LEVEL = "-Onone";
			};
			name = Debug;
		};
		4C2B760B2B3ED804004D060C /* Release */ = {
			isa = XCBuildConfiguration;
			buildSettings = {
				ALWAYS_SEARCH_USER_PATHS = NO;
				ASSETCATALOG_COMPILER_GENERATE_SWIFT_ASSET_SYMBOL_EXTENSIONS = YES;
				CLANG_ANALYZER_NONNULL = YES;
				CLANG_ANALYZER_NUMBER_OBJECT_CONVERSION = YES_AGGRESSIVE;
				CLANG_CXX_LANGUAGE_STANDARD = "gnu++20";
				CLANG_ENABLE_MODULES = YES;
				CLANG_ENABLE_OBJC_ARC = YES;
				CLANG_ENABLE_OBJC_WEAK = YES;
				CLANG_WARN_BLOCK_CAPTURE_AUTORELEASING = YES;
				CLANG_WARN_BOOL_CONVERSION = YES;
				CLANG_WARN_COMMA = YES;
				CLANG_WARN_CONSTANT_CONVERSION = YES;
				CLANG_WARN_DEPRECATED_OBJC_IMPLEMENTATIONS = YES;
				CLANG_WARN_DIRECT_OBJC_ISA_USAGE = YES_ERROR;
				CLANG_WARN_DOCUMENTATION_COMMENTS = YES;
				CLANG_WARN_EMPTY_BODY = YES;
				CLANG_WARN_ENUM_CONVERSION = YES;
				CLANG_WARN_INFINITE_RECURSION = YES;
				CLANG_WARN_INT_CONVERSION = YES;
				CLANG_WARN_NON_LITERAL_NULL_CONVERSION = YES;
				CLANG_WARN_OBJC_IMPLICIT_RETAIN_SELF = YES;
				CLANG_WARN_OBJC_LITERAL_CONVERSION = YES;
				CLANG_WARN_OBJC_ROOT_CLASS = YES_ERROR;
				CLANG_WARN_QUOTED_INCLUDE_IN_FRAMEWORK_HEADER = YES;
				CLANG_WARN_RANGE_LOOP_ANALYSIS = YES;
				CLANG_WARN_STRICT_PROTOTYPES = YES;
				CLANG_WARN_SUSPICIOUS_MOVE = YES;
				CLANG_WARN_UNGUARDED_AVAILABILITY = YES_AGGRESSIVE;
				CLANG_WARN_UNREACHABLE_CODE = YES;
				CLANG_WARN__DUPLICATE_METHOD_MATCH = YES;
				COPY_PHASE_STRIP = NO;
				DEBUG_INFORMATION_FORMAT = "dwarf-with-dsym";
				ENABLE_NS_ASSERTIONS = NO;
				ENABLE_STRICT_OBJC_MSGSEND = YES;
				ENABLE_USER_SCRIPT_SANDBOXING = YES;
				GCC_C_LANGUAGE_STANDARD = gnu17;
				GCC_NO_COMMON_BLOCKS = YES;
				GCC_WARN_64_TO_32_BIT_CONVERSION = YES;
				GCC_WARN_ABOUT_RETURN_TYPE = YES_ERROR;
				GCC_WARN_UNDECLARED_SELECTOR = YES;
				GCC_WARN_UNINITIALIZED_AUTOS = YES_AGGRESSIVE;
				GCC_WARN_UNUSED_FUNCTION = YES;
				GCC_WARN_UNUSED_VARIABLE = YES;
				LOCALIZATION_PREFERS_STRING_CATALOGS = YES;
				MTL_ENABLE_DEBUG_INFO = NO;
				MTL_FAST_MATH = YES;
				SWIFT_COMPILATION_MODE = wholemodule;
			};
			name = Release;
		};
		4C2B760D2B3ED804004D060C /* Debug */ = {
			isa = XCBuildConfiguration;
			buildSettings = {
				ASSETCATALOG_COMPILER_APPICON_NAME = AppIcon;
				ASSETCATALOG_COMPILER_GLOBAL_ACCENT_COLOR_NAME = AccentColor;
				CODE_SIGN_STYLE = Automatic;
				CURRENT_PROJECT_VERSION = 1;
				DEVELOPMENT_TEAM = RGJG577NFR;
				GENERATE_INFOPLIST_FILE = YES;
				INFOPLIST_KEY_UIApplicationSupportsIndirectInputEvents = YES;
				INFOPLIST_KEY_UILaunchStoryboardName = LaunchScreen;
				INFOPLIST_KEY_UIMainStoryboardFile = Main;
				INFOPLIST_KEY_UIStatusBarHidden = YES;
				INFOPLIST_KEY_UISupportedInterfaceOrientations_iPad = "UIInterfaceOrientationPortrait UIInterfaceOrientationPortraitUpsideDown UIInterfaceOrientationLandscapeLeft UIInterfaceOrientationLandscapeRight";
				INFOPLIST_KEY_UISupportedInterfaceOrientations_iPhone = "UIInterfaceOrientationPortrait UIInterfaceOrientationLandscapeLeft UIInterfaceOrientationLandscapeRight";
				IPHONEOS_DEPLOYMENT_TARGET = 17.2;
				LD_RUNPATH_SEARCH_PATHS = (
					"$(inherited)",
					"@executable_path/Frameworks",
				);
				MARKETING_VERSION = 1.0;
				PRODUCT_BUNDLE_IDENTIFIER = com.aviralgarg.game1;
				PRODUCT_NAME = game1;
				SDKROOT = iphoneos;
				SWIFT_EMIT_LOC_STRINGS = YES;
				SWIFT_VERSION = 5.0;
				TARGETED_DEVICE_FAMILY = "1,2";
			};
			name = Debug;
		};
		4C2B760E2B3ED804004D060C /* Release */ = {
			isa = XCBuildConfiguration;
			buildSettings = {
				ASSETCATALOG_COMPILER_APPICON_NAME = AppIcon;
				ASSETCATALOG_COMPILER_GLOBAL_ACCENT_COLOR_NAME = AccentColor;
				CODE_SIGN_STYLE = Automatic;
				CURRENT_PROJECT_VERSION = 1;
				DEVELOPMENT_TEAM = RGJG577NFR;
				GENERATE_INFOPLIST_FILE = YES;
				INFOPLIST_KEY_UIApplicationSupportsIndirectInputEvents = YES;
				INFOPLIST_KEY_UILaunchStoryboardName = LaunchScreen;
				INFOPLIST_KEY_UIMainStoryboardFile = Main;
				INFOPLIST_KEY_UIStatusBarHidden = YES;
				INFOPLIST_KEY_UISupportedInterfaceOrientations_iPad = "UIInterfaceOrientationPortrait UIInterfaceOrientationPortraitUpsideDown UIInterfaceOrientationLandscapeLeft UIInterfaceOrientationLandscapeRight";
				INFOPLIST_KEY_UISupportedInterfaceOrientations_iPhone = "UIInterfaceOrientationPortrait UIInterfaceOrientationLandscapeLeft UIInterfaceOrientationLandscapeRight";
				IPHONEOS_DEPLOYMENT_TARGET = 17.2;
				LD_RUNPATH_SEARCH_PATHS = (
					"$(inherited)",
					"@executable_path/Frameworks",
				);
				MARKETING_VERSION = 1.0;
				PRODUCT_BUNDLE_IDENTIFIER = com.aviralgarg.game1;
				PRODUCT_NAME = game1;
				SDKROOT = iphoneos;
				SWIFT_EMIT_LOC_STRINGS = YES;
				SWIFT_VERSION = 5.0;
				TARGETED_DEVICE_FAMILY = "1,2";
				VALIDATE_PRODUCT = YES;
			};
			name = Release;
		};
		4C2B76102B3ED804004D060C /* Debug */ = {
			isa = XCBuildConfiguration;
			buildSettings = {
				ASSETCATALOG_COMPILER_APPICON_NAME = "tvOS App Icon & Top Shelf Image";
				ASSETCATALOG_COMPILER_GLOBAL_ACCENT_COLOR_NAME = AccentColor;
				CODE_SIGN_STYLE = Automatic;
				CURRENT_PROJECT_VERSION = 1;
				DEVELOPMENT_TEAM = RGJG577NFR;
				GENERATE_INFOPLIST_FILE = YES;
				INFOPLIST_KEY_UILaunchStoryboardName = LaunchScreen;
				INFOPLIST_KEY_UIMainStoryboardFile = Main;
				INFOPLIST_KEY_UIUserInterfaceStyle = Automatic;
				LD_RUNPATH_SEARCH_PATHS = (
					"$(inherited)",
					"@executable_path/Frameworks",
				);
				MARKETING_VERSION = 1.0;
				PRODUCT_BUNDLE_IDENTIFIER = com.aviralgarg.game1;
				PRODUCT_NAME = game1;
				SDKROOT = appletvos;
				SWIFT_EMIT_LOC_STRINGS = YES;
				SWIFT_VERSION = 5.0;
				TARGETED_DEVICE_FAMILY = 3;
				TVOS_DEPLOYMENT_TARGET = 17.2;
			};
			name = Debug;
		};
		4C2B76112B3ED804004D060C /* Release */ = {
			isa = XCBuildConfiguration;
			buildSettings = {
				ASSETCATALOG_COMPILER_APPICON_NAME = "tvOS App Icon & Top Shelf Image";
				ASSETCATALOG_COMPILER_GLOBAL_ACCENT_COLOR_NAME = AccentColor;
				CODE_SIGN_STYLE = Automatic;
				CURRENT_PROJECT_VERSION = 1;
				DEVELOPMENT_TEAM = RGJG577NFR;
				GENERATE_INFOPLIST_FILE = YES;
				INFOPLIST_KEY_UILaunchStoryboardName = LaunchScreen;
				INFOPLIST_KEY_UIMainStoryboardFile = Main;
				INFOPLIST_KEY_UIUserInterfaceStyle = Automatic;
				LD_RUNPATH_SEARCH_PATHS = (
					"$(inherited)",
					"@executable_path/Frameworks",
				);
				MARKETING_VERSION = 1.0;
				PRODUCT_BUNDLE_IDENTIFIER = com.aviralgarg.game1;
				PRODUCT_NAME = game1;
				SDKROOT = appletvos;
				SWIFT_EMIT_LOC_STRINGS = YES;
				SWIFT_VERSION = 5.0;
				TARGETED_DEVICE_FAMILY = 3;
				TVOS_DEPLOYMENT_TARGET = 17.2;
				VALIDATE_PRODUCT = YES;
			};
			name = Release;
		};
		4C2B76132B3ED804004D060C /* Debug */ = {
			isa = XCBuildConfiguration;
			buildSettings = {
				ASSETCATALOG_COMPILER_APPICON_NAME = AppIcon;
				ASSETCATALOG_COMPILER_GLOBAL_ACCENT_COLOR_NAME = AccentColor;
				CODE_SIGN_ENTITLEMENTS = "game1 macOS/game1_macOS.entitlements";
				CODE_SIGN_STYLE = Automatic;
				COMBINE_HIDPI_IMAGES = YES;
				CURRENT_PROJECT_VERSION = 1;
				DEVELOPMENT_TEAM = RGJG577NFR;
				ENABLE_HARDENED_RUNTIME = YES;
				GENERATE_INFOPLIST_FILE = YES;
				INFOPLIST_KEY_NSHumanReadableCopyright = "";
				INFOPLIST_KEY_NSMainStoryboardFile = Main;
				INFOPLIST_KEY_NSPrincipalClass = NSApplication;
				LD_RUNPATH_SEARCH_PATHS = (
					"$(inherited)",
					"@executable_path/../Frameworks",
				);
				MACOSX_DEPLOYMENT_TARGET = 14.2;
				MARKETING_VERSION = 1.0;
				PRODUCT_BUNDLE_IDENTIFIER = com.aviralgarg.game1;
				PRODUCT_NAME = game1;
				SDKROOT = macosx;
				SWIFT_EMIT_LOC_STRINGS = YES;
				SWIFT_VERSION = 5.0;
			};
			name = Debug;
		};
		4C2B76142B3ED804004D060C /* Release */ = {
			isa = XCBuildConfiguration;
			buildSettings = {
				ASSETCATALOG_COMPILER_APPICON_NAME = AppIcon;
				ASSETCATALOG_COMPILER_GLOBAL_ACCENT_COLOR_NAME = AccentColor;
				CODE_SIGN_ENTITLEMENTS = "game1 macOS/game1_macOS.entitlements";
				CODE_SIGN_STYLE = Automatic;
				COMBINE_HIDPI_IMAGES = YES;
				CURRENT_PROJECT_VERSION = 1;
				DEVELOPMENT_TEAM = RGJG577NFR;
				ENABLE_HARDENED_RUNTIME = YES;
				GENERATE_INFOPLIST_FILE = YES;
				INFOPLIST_KEY_NSHumanReadableCopyright = "";
				INFOPLIST_KEY_NSMainStoryboardFile = Main;
				INFOPLIST_KEY_NSPrincipalClass = NSApplication;
				LD_RUNPATH_SEARCH_PATHS = (
					"$(inherited)",
					"@executable_path/../Frameworks",
				);
				MACOSX_DEPLOYMENT_TARGET = 14.2;
				MARKETING_VERSION = 1.0;
				PRODUCT_BUNDLE_IDENTIFIER = com.aviralgarg.game1;
				PRODUCT_NAME = game1;
				SDKROOT = macosx;
				SWIFT_EMIT_LOC_STRINGS = YES;
				SWIFT_VERSION = 5.0;
			};
			name = Release;
		};
/* End XCBuildConfiguration section */

/* Begin XCConfigurationList section */
		4C2B75C92B3ED800004D060C /* Build configuration list for PBXProject "game1" */ = {
			isa = XCConfigurationList;
			buildConfigurations = (
				4C2B760A2B3ED804004D060C /* Debug */,
				4C2B760B2B3ED804004D060C /* Release */,
			);
			defaultConfigurationIsVisible = 0;
			defaultConfigurationName = Release;
		};
		4C2B760C2B3ED804004D060C /* Build configuration list for PBXNativeTarget "game1 iOS" */ = {
			isa = XCConfigurationList;
			buildConfigurations = (
				4C2B760D2B3ED804004D060C /* Debug */,
				4C2B760E2B3ED804004D060C /* Release */,
			);
			defaultConfigurationIsVisible = 0;
			defaultConfigurationName = Release;
		};
		4C2B760F2B3ED804004D060C /* Build configuration list for PBXNativeTarget "game1 tvOS" */ = {
			isa = XCConfigurationList;
			buildConfigurations = (
				4C2B76102B3ED804004D060C /* Debug */,
				4C2B76112B3ED804004D060C /* Release */,
			);
			defaultConfigurationIsVisible = 0;
			defaultConfigurationName = Release;
		};
		4C2B76122B3ED804004D060C /* Build configuration list for PBXNativeTarget "game1 macOS" */ = {
			isa = XCConfigurationList;
			buildConfigurations = (
				4C2B76132B3ED804004D060C /* Debug */,
				4C2B76142B3ED804004D060C /* Release */,
			);
			defaultConfigurationIsVisible = 0;
			defaultConfigurationName = Release;
		};
/* End XCConfigurationList section */
	};
	rootObject = 4C2B75C62B3ED800004D060C /* Project object */;
}
